
Microsoft Visual Studio Solution File, Format Version 12.00
# Visual Studio 2012
Project("{8BC9CEB8-8B4A-11D0-8D11-00A0C91BC942}") = "FreeRTOS_Message_Passing", "FreeRTOS_Message_Passing.vcxproj", "{E3996A7A-F8BC-4095-A776-3230A0BBE072}"
EndProject
Global
	GlobalSection(SolutionConfigurationPlatforms) = preSolution
		Debug|Win32 = Debug|Win32
		Release|Win32 = Release|Win32
	EndGlobalSection
	GlobalSection(ProjectConfigurationPlatforms) = postSolution
		{E3996A7A-F8BC-4095-A776-3230A0BBE072}.Debug|Win32.ActiveCfg = Debug|Win32
		{E3996A7A-F8BC-4095-A776-3230A0BBE072}.Debug|Win32.Build.0 = Debug|Win32
		{E3996A7A-F8BC-4095-A776-3230A0BBE072}.Release|Win32.ActiveCfg = Release|Win32
		{E3996A7A-F8BC-4095-A776-3230A0BBE072}.Release|Win32.Build.0 = Release|Win32
	EndGlobalSection
	GlobalSection(SolutionProperties) = preSolution
		HideSolutionNode = FALSE
	EndGlobalSection
EndGlobal
